{
  "requires": true,
  "lockfileVersion": 1,
  "dependencies": {
    "@creativebulma/bulma-tooltip": {
      "version": "1.2.0",
      "resolved": "https://registry.npmjs.org/@creativebulma/bulma-tooltip/-/bulma-tooltip-1.2.0.tgz",
      "integrity": "sha512-ooImbeXEBxf77cttbzA7X5rC5aAWm9UsXIGViFOnsqB+6M944GkB28S5R4UWRqjFd2iW4zGEkEifAU+q43pt2w=="
    },
    "bulma-extensions": {
      "version": "6.2.7",
      "resolved": "https://registry.npmjs.org/bulma-extensions/-/bulma-extensions-6.2.7.tgz",
      "integrity": "sha512-y3dHsxlCYkuxUg87KKN9H4InM8NCk8tdnrlxLkYak8sd2WQdllg3wP2Nv41lj8X46uPXX2ADP0MO65LlXPHt/Q=="
    }
  }
}
